// !$*UTF8*$!
{
	archiveVersion = 1;
	classes = {
	};
	objectVersion = 55;
	objects = {

/* Begin PBXBuildFile section */
		4AD86718C46131DC1C460832 /* Pods_githubSearchAPISample.framework in Frameworks */ = {isa = PBXBuildFile; fileRef = 00838CB44D942B3E38A6DEEB /* Pods_githubSearchAPISample.framework */; };
		501BFA1B2875AF8900B29269 /* githubSearchAPISampleApp.swift in Sources */ = {isa = PBXBuildFile; fileRef = 501BFA1A2875AF8900B29269 /* githubSearchAPISampleApp.swift */; };
		501BFA1D2875AF8900B29269 /* ContentView.swift in Sources */ = {isa = PBXBuildFile; fileRef = 501BFA1C2875AF8900B29269 /* ContentView.swift */; };
		501BFA1F2875AF8B00B29269 /* Assets.xcassets in Resources */ = {isa = PBXBuildFile; fileRef = 501BFA1E2875AF8B00B29269 /* Assets.xcassets */; };
		501BFA222875AF8B00B29269 /* Preview Assets.xcassets in Resources */ = {isa = PBXBuildFile; fileRef = 501BFA212875AF8B00B29269 /* Preview Assets.xcassets */; };
		501BFA2C2875AF8B00B29269 /* githubSearchAPISampleTests.swift in Sources */ = {isa = PBXBuildFile; fileRef = 501BFA2B2875AF8B00B29269 /* githubSearchAPISampleTests.swift */; };
		501BFA362875AF8B00B29269 /* githubSearchAPISampleUITests.swift in Sources */ = {isa = PBXBuildFile; fileRef = 501BFA352875AF8B00B29269 /* githubSearchAPISampleUITests.swift */; };
		501BFA382875AF8B00B29269 /* githubSearchAPISampleUITestsLaunchTests.swift in Sources */ = {isa = PBXBuildFile; fileRef = 501BFA372875AF8B00B29269 /* githubSearchAPISampleUITestsLaunchTests.swift */; };
		501BFA482875D97200B29269 /* SearchUser.storyboard in Resources */ = {isa = PBXBuildFile; fileRef = 501BFA472875D97200B29269 /* SearchUser.storyboard */; };
		501BFA4A2875DA9E00B29269 /* UserInfo.storyboard in Resources */ = {isa = PBXBuildFile; fileRef = 501BFA492875DA9E00B29269 /* UserInfo.storyboard */; };
		501BFA5928770AB700B29269 /* .swiftlint.yml in Resources */ = {isa = PBXBuildFile; fileRef = 501BFA5828770AB700B29269 /* .swiftlint.yml */; };
		501BFA632877325F00B29269 /* AutoInteractable.stencil in Resources */ = {isa = PBXBuildFile; fileRef = 501BFA5C2877325F00B29269 /* AutoInteractable.stencil */; };
		501BFA642877325F00B29269 /* AutoRoutable.stencil in Resources */ = {isa = PBXBuildFile; fileRef = 501BFA5D2877325F00B29269 /* AutoRoutable.stencil */; };
		501BFA652877325F00B29269 /* AutoViewControllrable.stencil in Resources */ = {isa = PBXBuildFile; fileRef = 501BFA5E2877325F00B29269 /* AutoViewControllrable.stencil */; };
		501BFA662877325F00B29269 /* AutoPresentable.stencil in Resources */ = {isa = PBXBuildFile; fileRef = 501BFA5F2877325F00B29269 /* AutoPresentable.stencil */; };
		501BFA672877325F00B29269 /* SearchUserSource.swift in Sources */ = {isa = PBXBuildFile; fileRef = 501BFA612877325F00B29269 /* SearchUserSource.swift */; };
		501BFA71287732AD00B29269 /* SearchUserRouter.swift in Sources */ = {isa = PBXBuildFile; fileRef = 501BFA69287732AD00B29269 /* SearchUserRouter.swift */; };
		501BFA72287732AD00B29269 /* SearchUserVC.swift in Sources */ = {isa = PBXBuildFile; fileRef = 501BFA6A287732AD00B29269 /* SearchUserVC.swift */; };
		501BFA74287732AD00B29269 /* SearchUserPresenter.swift in Sources */ = {isa = PBXBuildFile; fileRef = 501BFA6C287732AD00B29269 /* SearchUserPresenter.swift */; };
		501BFA77287732AD00B29269 /* SearchUserInteractor.swift in Sources */ = {isa = PBXBuildFile; fileRef = 501BFA6F287732AD00B29269 /* SearchUserInteractor.swift */; };
		501BFA7A2877348400B29269 /* GithubSearchUserEntity.swift in Sources */ = {isa = PBXBuildFile; fileRef = 501BFA792877348400B29269 /* GithubSearchUserEntity.swift */; };
		501BFA7C287884E500B29269 /* Const.swift in Sources */ = {isa = PBXBuildFile; fileRef = 501BFA7B287884E500B29269 /* Const.swift */; };
		501BFA7E2878861C00B29269 /* GithubAPI.swift in Sources */ = {isa = PBXBuildFile; fileRef = 501BFA7D2878861C00B29269 /* GithubAPI.swift */; };
		501BFA802879D91500B29269 /* GithubAPIError.swift in Sources */ = {isa = PBXBuildFile; fileRef = 501BFA7F2879D91500B29269 /* GithubAPIError.swift */; };
		A6A7972E33BBF95976C6419A /* Pods_githubSearchAPISample_githubSearchAPISampleUITests.framework in Frameworks */ = {isa = PBXBuildFile; fileRef = DD9616C057B34B72DADBC0E6 /* Pods_githubSearchAPISample_githubSearchAPISampleUITests.framework */; };
		FE7393048714B50C108EF76B /* Pods_githubSearchAPISampleTests.framework in Frameworks */ = {isa = PBXBuildFile; fileRef = A23AE4B7D23C12088A65727E /* Pods_githubSearchAPISampleTests.framework */; };
/* End PBXBuildFile section */

/* Begin PBXContainerItemProxy section */
		501BFA282875AF8B00B29269 /* PBXContainerItemProxy */ = {
			isa = PBXContainerItemProxy;
			containerPortal = 501BFA0F2875AF8900B29269 /* Project object */;
			proxyType = 1;
			remoteGlobalIDString = 501BFA162875AF8900B29269;
			remoteInfo = githubSearchAPISample;
		};
		501BFA322875AF8B00B29269 /* PBXContainerItemProxy */ = {
			isa = PBXContainerItemProxy;
			containerPortal = 501BFA0F2875AF8900B29269 /* Project object */;
			proxyType = 1;
			remoteGlobalIDString = 501BFA162875AF8900B29269;
			remoteInfo = githubSearchAPISample;
		};
/* End PBXContainerItemProxy section */

/* Begin PBXFileReference section */
		00838CB44D942B3E38A6DEEB /* Pods_githubSearchAPISample.framework */ = {isa = PBXFileReference; explicitFileType = wrapper.framework; includeInIndex = 0; path = Pods_githubSearchAPISample.framework; sourceTree = BUILT_PRODUCTS_DIR; };
		1A492C52AA6E6A29A8A5C294 /* Pods-githubSearchAPISampleTests.release.xcconfig */ = {isa = PBXFileReference; includeInIndex = 1; lastKnownFileType = text.xcconfig; name = "Pods-githubSearchAPISampleTests.release.xcconfig"; path = "Target Support Files/Pods-githubSearchAPISampleTests/Pods-githubSearchAPISampleTests.release.xcconfig"; sourceTree = "<group>"; };
		501BFA172875AF8900B29269 /* githubSearchAPISample.app */ = {isa = PBXFileReference; explicitFileType = wrapper.application; includeInIndex = 0; path = githubSearchAPISample.app; sourceTree = BUILT_PRODUCTS_DIR; };
		501BFA1A2875AF8900B29269 /* githubSearchAPISampleApp.swift */ = {isa = PBXFileReference; lastKnownFileType = sourcecode.swift; path = githubSearchAPISampleApp.swift; sourceTree = "<group>"; };
		501BFA1C2875AF8900B29269 /* ContentView.swift */ = {isa = PBXFileReference; lastKnownFileType = sourcecode.swift; path = ContentView.swift; sourceTree = "<group>"; };
		501BFA1E2875AF8B00B29269 /* Assets.xcassets */ = {isa = PBXFileReference; lastKnownFileType = folder.assetcatalog; path = Assets.xcassets; sourceTree = "<group>"; };
		501BFA212875AF8B00B29269 /* Preview Assets.xcassets */ = {isa = PBXFileReference; lastKnownFileType = folder.assetcatalog; path = "Preview Assets.xcassets"; sourceTree = "<group>"; };
		501BFA272875AF8B00B29269 /* githubSearchAPISampleTests.xctest */ = {isa = PBXFileReference; explicitFileType = wrapper.cfbundle; includeInIndex = 0; path = githubSearchAPISampleTests.xctest; sourceTree = BUILT_PRODUCTS_DIR; };
		501BFA2B2875AF8B00B29269 /* githubSearchAPISampleTests.swift */ = {isa = PBXFileReference; lastKnownFileType = sourcecode.swift; path = githubSearchAPISampleTests.swift; sourceTree = "<group>"; };
		501BFA312875AF8B00B29269 /* githubSearchAPISampleUITests.xctest */ = {isa = PBXFileReference; explicitFileType = wrapper.cfbundle; includeInIndex = 0; path = githubSearchAPISampleUITests.xctest; sourceTree = BUILT_PRODUCTS_DIR; };
		501BFA352875AF8B00B29269 /* githubSearchAPISampleUITests.swift */ = {isa = PBXFileReference; lastKnownFileType = sourcecode.swift; path = githubSearchAPISampleUITests.swift; sourceTree = "<group>"; };
		501BFA372875AF8B00B29269 /* githubSearchAPISampleUITestsLaunchTests.swift */ = {isa = PBXFileReference; lastKnownFileType = sourcecode.swift; path = githubSearchAPISampleUITestsLaunchTests.swift; sourceTree = "<group>"; };
		501BFA472875D97200B29269 /* SearchUser.storyboard */ = {isa = PBXFileReference; fileEncoding = 4; lastKnownFileType = file.storyboard; path = SearchUser.storyboard; sourceTree = "<group>"; };
		501BFA492875DA9E00B29269 /* UserInfo.storyboard */ = {isa = PBXFileReference; lastKnownFileType = file.storyboard; path = UserInfo.storyboard; sourceTree = "<group>"; };
		501BFA5828770AB700B29269 /* .swiftlint.yml */ = {isa = PBXFileReference; lastKnownFileType = text.yaml; path = .swiftlint.yml; sourceTree = "<group>"; };
		501BFA5C2877325F00B29269 /* AutoInteractable.stencil */ = {isa = PBXFileReference; fileEncoding = 4; lastKnownFileType = text; path = AutoInteractable.stencil; sourceTree = "<group>"; };
		501BFA5D2877325F00B29269 /* AutoRoutable.stencil */ = {isa = PBXFileReference; fileEncoding = 4; lastKnownFileType = text; path = AutoRoutable.stencil; sourceTree = "<group>"; };
		501BFA5E2877325F00B29269 /* AutoViewControllrable.stencil */ = {isa = PBXFileReference; fileEncoding = 4; lastKnownFileType = text; path = AutoViewControllrable.stencil; sourceTree = "<group>"; };
		501BFA5F2877325F00B29269 /* AutoPresentable.stencil */ = {isa = PBXFileReference; fileEncoding = 4; lastKnownFileType = text; path = AutoPresentable.stencil; sourceTree = "<group>"; };
		501BFA612877325F00B29269 /* SearchUserSource.swift */ = {isa = PBXFileReference; fileEncoding = 4; lastKnownFileType = sourcecode.swift; path = SearchUserSource.swift; sourceTree = "<group>"; };
		501BFA69287732AD00B29269 /* SearchUserRouter.swift */ = {isa = PBXFileReference; fileEncoding = 4; lastKnownFileType = sourcecode.swift; path = SearchUserRouter.swift; sourceTree = "<group>"; };
		501BFA6A287732AD00B29269 /* SearchUserVC.swift */ = {isa = PBXFileReference; fileEncoding = 4; lastKnownFileType = sourcecode.swift; path = SearchUserVC.swift; sourceTree = "<group>"; };
		501BFA6C287732AD00B29269 /* SearchUserPresenter.swift */ = {isa = PBXFileReference; fileEncoding = 4; lastKnownFileType = sourcecode.swift; path = SearchUserPresenter.swift; sourceTree = "<group>"; };
		501BFA6F287732AD00B29269 /* SearchUserInteractor.swift */ = {isa = PBXFileReference; fileEncoding = 4; lastKnownFileType = sourcecode.swift; path = SearchUserInteractor.swift; sourceTree = "<group>"; };
		501BFA792877348400B29269 /* GithubSearchUserEntity.swift */ = {isa = PBXFileReference; lastKnownFileType = sourcecode.swift; path = GithubSearchUserEntity.swift; sourceTree = "<group>"; };
		501BFA7B287884E500B29269 /* Const.swift */ = {isa = PBXFileReference; lastKnownFileType = sourcecode.swift; path = Const.swift; sourceTree = "<group>"; };
		501BFA7D2878861C00B29269 /* GithubAPI.swift */ = {isa = PBXFileReference; lastKnownFileType = sourcecode.swift; path = GithubAPI.swift; sourceTree = "<group>"; };
		501BFA7F2879D91500B29269 /* GithubAPIError.swift */ = {isa = PBXFileReference; lastKnownFileType = sourcecode.swift; path = GithubAPIError.swift; sourceTree = "<group>"; };
		501BFA81287A782D00B29269 /* Info.plist */ = {isa = PBXFileReference; lastKnownFileType = text.plist; path = Info.plist; sourceTree = "<group>"; };
		65C69330286AA219BC9DFAAD /* Pods-githubSearchAPISample-githubSearchAPISampleUITests.debug.xcconfig */ = {isa = PBXFileReference; includeInIndex = 1; lastKnownFileType = text.xcconfig; name = "Pods-githubSearchAPISample-githubSearchAPISampleUITests.debug.xcconfig"; path = "Target Support Files/Pods-githubSearchAPISample-githubSearchAPISampleUITests/Pods-githubSearchAPISample-githubSearchAPISampleUITests.debug.xcconfig"; sourceTree = "<group>"; };
		A1C614A4FD0FB07EDE0F462D /* Pods-githubSearchAPISample.debug.xcconfig */ = {isa = PBXFileReference; includeInIndex = 1; lastKnownFileType = text.xcconfig; name = "Pods-githubSearchAPISample.debug.xcconfig"; path = "Target Support Files/Pods-githubSearchAPISample/Pods-githubSearchAPISample.debug.xcconfig"; sourceTree = "<group>"; };
		A23AE4B7D23C12088A65727E /* Pods_githubSearchAPISampleTests.framework */ = {isa = PBXFileReference; explicitFileType = wrapper.framework; includeInIndex = 0; path = Pods_githubSearchAPISampleTests.framework; sourceTree = BUILT_PRODUCTS_DIR; };
		AD4E1B5B9079FBCC99541F57 /* Pods-githubSearchAPISample.release.xcconfig */ = {isa = PBXFileReference; includeInIndex = 1; lastKnownFileType = text.xcconfig; name = "Pods-githubSearchAPISample.release.xcconfig"; path = "Target Support Files/Pods-githubSearchAPISample/Pods-githubSearchAPISample.release.xcconfig"; sourceTree = "<group>"; };
		B0A117D4E79C2340D3402A03 /* Pods-githubSearchAPISample-githubSearchAPISampleUITests.release.xcconfig */ = {isa = PBXFileReference; includeInIndex = 1; lastKnownFileType = text.xcconfig; name = "Pods-githubSearchAPISample-githubSearchAPISampleUITests.release.xcconfig"; path = "Target Support Files/Pods-githubSearchAPISample-githubSearchAPISampleUITests/Pods-githubSearchAPISample-githubSearchAPISampleUITests.release.xcconfig"; sourceTree = "<group>"; };
		DD66DB1E50C62EB58D4AF0D0 /* Pods-githubSearchAPISampleTests.debug.xcconfig */ = {isa = PBXFileReference; includeInIndex = 1; lastKnownFileType = text.xcconfig; name = "Pods-githubSearchAPISampleTests.debug.xcconfig"; path = "Target Support Files/Pods-githubSearchAPISampleTests/Pods-githubSearchAPISampleTests.debug.xcconfig"; sourceTree = "<group>"; };
		DD9616C057B34B72DADBC0E6 /* Pods_githubSearchAPISample_githubSearchAPISampleUITests.framework */ = {isa = PBXFileReference; explicitFileType = wrapper.framework; includeInIndex = 0; path = Pods_githubSearchAPISample_githubSearchAPISampleUITests.framework; sourceTree = BUILT_PRODUCTS_DIR; };
/* End PBXFileReference section */

/* Begin PBXFrameworksBuildPhase section */
		501BFA142875AF8900B29269 /* Frameworks */ = {
			isa = PBXFrameworksBuildPhase;
			buildActionMask = 2147483647;
			files = (
				4AD86718C46131DC1C460832 /* Pods_githubSearchAPISample.framework in Frameworks */,
			);
			runOnlyForDeploymentPostprocessing = 0;
		};
		501BFA242875AF8B00B29269 /* Frameworks */ = {
			isa = PBXFrameworksBuildPhase;
			buildActionMask = 2147483647;
			files = (
				FE7393048714B50C108EF76B /* Pods_githubSearchAPISampleTests.framework in Frameworks */,
			);
			runOnlyForDeploymentPostprocessing = 0;
		};
		501BFA2E2875AF8B00B29269 /* Frameworks */ = {
			isa = PBXFrameworksBuildPhase;
			buildActionMask = 2147483647;
			files = (
				A6A7972E33BBF95976C6419A /* Pods_githubSearchAPISample_githubSearchAPISampleUITests.framework in Frameworks */,
			);
			runOnlyForDeploymentPostprocessing = 0;
		};
/* End PBXFrameworksBuildPhase section */

/* Begin PBXGroup section */
		05CD0A8FAAA9FCB26FC6C36C /* Frameworks */ = {
			isa = PBXGroup;
			children = (
				00838CB44D942B3E38A6DEEB /* Pods_githubSearchAPISample.framework */,
				DD9616C057B34B72DADBC0E6 /* Pods_githubSearchAPISample_githubSearchAPISampleUITests.framework */,
				A23AE4B7D23C12088A65727E /* Pods_githubSearchAPISampleTests.framework */,
			);
			name = Frameworks;
			sourceTree = "<group>";
		};
		501BFA0E2875AF8900B29269 = {
			isa = PBXGroup;
			children = (
				501BFA5828770AB700B29269 /* .swiftlint.yml */,
				501BFA192875AF8900B29269 /* githubSearchAPISample */,
				501BFA2A2875AF8B00B29269 /* githubSearchAPISampleTests */,
				501BFA342875AF8B00B29269 /* githubSearchAPISampleUITests */,
				501BFA182875AF8900B29269 /* Products */,
				9DB56FB56E26F99BBDD33FE1 /* Pods */,
				05CD0A8FAAA9FCB26FC6C36C /* Frameworks */,
			);
			sourceTree = "<group>";
		};
		501BFA182875AF8900B29269 /* Products */ = {
			isa = PBXGroup;
			children = (
				501BFA172875AF8900B29269 /* githubSearchAPISample.app */,
				501BFA272875AF8B00B29269 /* githubSearchAPISampleTests.xctest */,
				501BFA312875AF8B00B29269 /* githubSearchAPISampleUITests.xctest */,
			);
			name = Products;
			sourceTree = "<group>";
		};
		501BFA192875AF8900B29269 /* githubSearchAPISample */ = {
			isa = PBXGroup;
			children = (
				501BFA81287A782D00B29269 /* Info.plist */,
				501BFA4F2875E1EC00B29269 /* View */,
				501BFA4E2875E1DD00B29269 /* Interactor */,
				501BFA4D2875E1C800B29269 /* Presenter */,
				501BFA4B2875E16A00B29269 /* Entity */,
				501BFA4C2875E1A800B29269 /* Router */,
				501BFA462875D97200B29269 /* UserInterface */,
				501BFA502875EC2800B29269 /* Sourcery */,
				501BFA1A2875AF8900B29269 /* githubSearchAPISampleApp.swift */,
				501BFA1C2875AF8900B29269 /* ContentView.swift */,
				501BFA1E2875AF8B00B29269 /* Assets.xcassets */,
				501BFA202875AF8B00B29269 /* Preview Content */,
				501BFA7B287884E500B29269 /* Const.swift */,
				501BFA7D2878861C00B29269 /* GithubAPI.swift */,
				501BFA7F2879D91500B29269 /* GithubAPIError.swift */,
			);
			path = githubSearchAPISample;
			sourceTree = "<group>";
		};
		501BFA202875AF8B00B29269 /* Preview Content */ = {
			isa = PBXGroup;
			children = (
				501BFA212875AF8B00B29269 /* Preview Assets.xcassets */,
			);
			path = "Preview Content";
			sourceTree = "<group>";
		};
		501BFA2A2875AF8B00B29269 /* githubSearchAPISampleTests */ = {
			isa = PBXGroup;
			children = (
				501BFA2B2875AF8B00B29269 /* githubSearchAPISampleTests.swift */,
			);
			path = githubSearchAPISampleTests;
			sourceTree = "<group>";
		};
		501BFA342875AF8B00B29269 /* githubSearchAPISampleUITests */ = {
			isa = PBXGroup;
			children = (
				501BFA352875AF8B00B29269 /* githubSearchAPISampleUITests.swift */,
				501BFA372875AF8B00B29269 /* githubSearchAPISampleUITestsLaunchTests.swift */,
			);
			path = githubSearchAPISampleUITests;
			sourceTree = "<group>";
		};
		501BFA462875D97200B29269 /* UserInterface */ = {
			isa = PBXGroup;
			children = (
				501BFA472875D97200B29269 /* SearchUser.storyboard */,
				501BFA492875DA9E00B29269 /* UserInfo.storyboard */,
			);
			path = UserInterface;
			sourceTree = "<group>";
		};
		501BFA4B2875E16A00B29269 /* Entity */ = {
			isa = PBXGroup;
			children = (
				501BFA792877348400B29269 /* GithubSearchUserEntity.swift */,
			);
			path = Entity;
			sourceTree = "<group>";
		};
		501BFA4C2875E1A800B29269 /* Router */ = {
			isa = PBXGroup;
			children = (
				501BFA69287732AD00B29269 /* SearchUserRouter.swift */,
			);
			path = Router;
			sourceTree = "<group>";
		};
		501BFA4D2875E1C800B29269 /* Presenter */ = {
			isa = PBXGroup;
			children = (
				501BFA6C287732AD00B29269 /* SearchUserPresenter.swift */,
			);
			path = Presenter;
			sourceTree = "<group>";
		};
		501BFA4E2875E1DD00B29269 /* Interactor */ = {
			isa = PBXGroup;
			children = (
				501BFA6F287732AD00B29269 /* SearchUserInteractor.swift */,
			);
			path = Interactor;
			sourceTree = "<group>";
		};
		501BFA4F2875E1EC00B29269 /* View */ = {
			isa = PBXGroup;
			children = (
				501BFA6A287732AD00B29269 /* SearchUserVC.swift */,
			);
			path = View;
			sourceTree = "<group>";
		};
		501BFA502875EC2800B29269 /* Sourcery */ = {
			isa = PBXGroup;
			children = (
				501BFA68287732AD00B29269 /* Generated */,
				501BFA602877325F00B29269 /* Sources */,
				501BFA5B2877325F00B29269 /* Templates */,
			);
			path = Sourcery;
			sourceTree = "<group>";
		};
		501BFA5B2877325F00B29269 /* Templates */ = {
			isa = PBXGroup;
			children = (
				501BFA5C2877325F00B29269 /* AutoInteractable.stencil */,
				501BFA5D2877325F00B29269 /* AutoRoutable.stencil */,
				501BFA5E2877325F00B29269 /* AutoViewControllrable.stencil */,
				501BFA5F2877325F00B29269 /* AutoPresentable.stencil */,
			);
			path = Templates;
			sourceTree = "<group>";
		};
		501BFA602877325F00B29269 /* Sources */ = {
			isa = PBXGroup;
			children = (
				501BFA612877325F00B29269 /* SearchUserSource.swift */,
			);
			path = Sources;
			sourceTree = "<group>";
		};
		501BFA68287732AD00B29269 /* Generated */ = {
			isa = PBXGroup;
			children = (
			);
			path = Generated;
			sourceTree = "<group>";
		};
		9DB56FB56E26F99BBDD33FE1 /* Pods */ = {
			isa = PBXGroup;
			children = (
				A1C614A4FD0FB07EDE0F462D /* Pods-githubSearchAPISample.debug.xcconfig */,
				AD4E1B5B9079FBCC99541F57 /* Pods-githubSearchAPISample.release.xcconfig */,
				65C69330286AA219BC9DFAAD /* Pods-githubSearchAPISample-githubSearchAPISampleUITests.debug.xcconfig */,
				B0A117D4E79C2340D3402A03 /* Pods-githubSearchAPISample-githubSearchAPISampleUITests.release.xcconfig */,
				DD66DB1E50C62EB58D4AF0D0 /* Pods-githubSearchAPISampleTests.debug.xcconfig */,
				1A492C52AA6E6A29A8A5C294 /* Pods-githubSearchAPISampleTests.release.xcconfig */,
			);
			path = Pods;
			sourceTree = "<group>";
		};
/* End PBXGroup section */

/* Begin PBXNativeTarget section */
		501BFA162875AF8900B29269 /* githubSearchAPISample */ = {
			isa = PBXNativeTarget;
			buildConfigurationList = 501BFA3B2875AF8B00B29269 /* Build configuration list for PBXNativeTarget "githubSearchAPISample" */;
			buildPhases = (
				256FD4130311D011D4086835 /* [CP] Check Pods Manifest.lock */,
				501BFA132875AF8900B29269 /* Sources */,
				501BFA142875AF8900B29269 /* Frameworks */,
				501BFA152875AF8900B29269 /* Resources */,
				F95CDB695B1CBCBBAFD23A51 /* [CP] Embed Pods Frameworks */,
				501BFA532876F54C00B29269 /* ShellScript */,
			);
			buildRules = (
			);
			dependencies = (
			);
			name = githubSearchAPISample;
			productName = githubSearchAPISample;
			productReference = 501BFA172875AF8900B29269 /* githubSearchAPISample.app */;
			productType = "com.apple.product-type.application";
		};
		501BFA262875AF8B00B29269 /* githubSearchAPISampleTests */ = {
			isa = PBXNativeTarget;
			buildConfigurationList = 501BFA3E2875AF8B00B29269 /* Build configuration list for PBXNativeTarget "githubSearchAPISampleTests" */;
			buildPhases = (
				2F17706CD9733A544E9BA3AA /* [CP] Check Pods Manifest.lock */,
				501BFA232875AF8B00B29269 /* Sources */,
				501BFA242875AF8B00B29269 /* Frameworks */,
				501BFA252875AF8B00B29269 /* Resources */,
			);
			buildRules = (
			);
			dependencies = (
				501BFA292875AF8B00B29269 /* PBXTargetDependency */,
			);
			name = githubSearchAPISampleTests;
			productName = githubSearchAPISampleTests;
			productReference = 501BFA272875AF8B00B29269 /* githubSearchAPISampleTests.xctest */;
			productType = "com.apple.product-type.bundle.unit-test";
		};
		501BFA302875AF8B00B29269 /* githubSearchAPISampleUITests */ = {
			isa = PBXNativeTarget;
			buildConfigurationList = 501BFA412875AF8B00B29269 /* Build configuration list for PBXNativeTarget "githubSearchAPISampleUITests" */;
			buildPhases = (
				7A97476AE438A5E2D7767E1F /* [CP] Check Pods Manifest.lock */,
				501BFA2D2875AF8B00B29269 /* Sources */,
				501BFA2E2875AF8B00B29269 /* Frameworks */,
				501BFA2F2875AF8B00B29269 /* Resources */,
				7CF751675519CF3DB4981F89 /* [CP] Embed Pods Frameworks */,
			);
			buildRules = (
			);
			dependencies = (
				501BFA332875AF8B00B29269 /* PBXTargetDependency */,
			);
			name = githubSearchAPISampleUITests;
			productName = githubSearchAPISampleUITests;
			productReference = 501BFA312875AF8B00B29269 /* githubSearchAPISampleUITests.xctest */;
			productType = "com.apple.product-type.bundle.ui-testing";
		};
/* End PBXNativeTarget section */

/* Begin PBXProject section */
		501BFA0F2875AF8900B29269 /* Project object */ = {
			isa = PBXProject;
			attributes = {
				BuildIndependentTargetsInParallel = 1;
				LastSwiftUpdateCheck = 1340;
				LastUpgradeCheck = 1340;
				TargetAttributes = {
					501BFA162875AF8900B29269 = {
						CreatedOnToolsVersion = 13.4.1;
					};
					501BFA262875AF8B00B29269 = {
						CreatedOnToolsVersion = 13.4.1;
						TestTargetID = 501BFA162875AF8900B29269;
					};
					501BFA302875AF8B00B29269 = {
						CreatedOnToolsVersion = 13.4.1;
						TestTargetID = 501BFA162875AF8900B29269;
					};
				};
			};
			buildConfigurationList = 501BFA122875AF8900B29269 /* Build configuration list for PBXProject "githubSearchAPISample" */;
			compatibilityVersion = "Xcode 13.0";
			developmentRegion = en;
			hasScannedForEncodings = 0;
			knownRegions = (
				en,
				Base,
			);
			mainGroup = 501BFA0E2875AF8900B29269;
			productRefGroup = 501BFA182875AF8900B29269 /* Products */;
			projectDirPath = "";
			projectRoot = "";
			targets = (
				501BFA162875AF8900B29269 /* githubSearchAPISample */,
				501BFA262875AF8B00B29269 /* githubSearchAPISampleTests */,
				501BFA302875AF8B00B29269 /* githubSearchAPISampleUITests */,
			);
		};
/* End PBXProject section */

/* Begin PBXResourcesBuildPhase section */
		501BFA152875AF8900B29269 /* Resources */ = {
			isa = PBXResourcesBuildPhase;
			buildActionMask = 2147483647;
			files = (
				501BFA5928770AB700B29269 /* .swiftlint.yml in Resources */,
				501BFA222875AF8B00B29269 /* Preview Assets.xcassets in Resources */,
				501BFA662877325F00B29269 /* AutoPresentable.stencil in Resources */,
				501BFA4A2875DA9E00B29269 /* UserInfo.storyboard in Resources */,
				501BFA632877325F00B29269 /* AutoInteractable.stencil in Resources */,
				501BFA652877325F00B29269 /* AutoViewControllrable.stencil in Resources */,
				501BFA642877325F00B29269 /* AutoRoutable.stencil in Resources */,
				501BFA482875D97200B29269 /* SearchUser.storyboard in Resources */,
				501BFA1F2875AF8B00B29269 /* Assets.xcassets in Resources */,
			);
			runOnlyForDeploymentPostprocessing = 0;
		};
		501BFA252875AF8B00B29269 /* Resources */ = {
			isa = PBXResourcesBuildPhase;
			buildActionMask = 2147483647;
			files = (
			);
			runOnlyForDeploymentPostprocessing = 0;
		};
		501BFA2F2875AF8B00B29269 /* Resources */ = {
			isa = PBXResourcesBuildPhase;
			buildActionMask = 2147483647;
			files = (
			);
			runOnlyForDeploymentPostprocessing = 0;
		};
/* End PBXResourcesBuildPhase section */

/* Begin PBXShellScriptBuildPhase section */
		256FD4130311D011D4086835 /* [CP] Check Pods Manifest.lock */ = {
			isa = PBXShellScriptBuildPhase;
			buildActionMask = 2147483647;
			files = (
			);
			inputFileListPaths = (
			);
			inputPaths = (
				"${PODS_PODFILE_DIR_PATH}/Podfile.lock",
				"${PODS_ROOT}/Manifest.lock",
			);
			name = "[CP] Check Pods Manifest.lock";
			outputFileListPaths = (
			);
			outputPaths = (
				"$(DERIVED_FILE_DIR)/Pods-githubSearchAPISample-checkManifestLockResult.txt",
			);
			runOnlyForDeploymentPostprocessing = 0;
			shellPath = /bin/sh;
			shellScript = "diff \"${PODS_PODFILE_DIR_PATH}/Podfile.lock\" \"${PODS_ROOT}/Manifest.lock\" > /dev/null\nif [ $? != 0 ] ; then\n    # print error to STDERR\n    echo \"error: The sandbox is not in sync with the Podfile.lock. Run 'pod install' or update your CocoaPods installation.\" >&2\n    exit 1\nfi\n# This output is used by Xcode 'outputs' to avoid re-running this script phase.\necho \"SUCCESS\" > \"${SCRIPT_OUTPUT_FILE_0}\"\n";
			showEnvVarsInLog = 0;
		};
		2F17706CD9733A544E9BA3AA /* [CP] Check Pods Manifest.lock */ = {
			isa = PBXShellScriptBuildPhase;
			buildActionMask = 2147483647;
			files = (
			);
			inputFileListPaths = (
			);
			inputPaths = (
				"${PODS_PODFILE_DIR_PATH}/Podfile.lock",
				"${PODS_ROOT}/Manifest.lock",
			);
			name = "[CP] Check Pods Manifest.lock";
			outputFileListPaths = (
			);
			outputPaths = (
				"$(DERIVED_FILE_DIR)/Pods-githubSearchAPISampleTests-checkManifestLockResult.txt",
			);
			runOnlyForDeploymentPostprocessing = 0;
			shellPath = /bin/sh;
			shellScript = "diff \"${PODS_PODFILE_DIR_PATH}/Podfile.lock\" \"${PODS_ROOT}/Manifest.lock\" > /dev/null\nif [ $? != 0 ] ; then\n    # print error to STDERR\n    echo \"error: The sandbox is not in sync with the Podfile.lock. Run 'pod install' or update your CocoaPods installation.\" >&2\n    exit 1\nfi\n# This output is used by Xcode 'outputs' to avoid re-running this script phase.\necho \"SUCCESS\" > \"${SCRIPT_OUTPUT_FILE_0}\"\n";
			showEnvVarsInLog = 0;
		};
		501BFA532876F54C00B29269 /* ShellScript */ = {
			isa = PBXShellScriptBuildPhase;
			buildActionMask = 2147483647;
			files = (
			);
			inputFileListPaths = (
			);
			inputPaths = (
			);
			outputFileListPaths = (
			);
			outputPaths = (
			);
			runOnlyForDeploymentPostprocessing = 0;
			shellPath = /bin/sh;
			shellScript = "if which \"${PODS_ROOT}/SwiftLint/swiftlint\" >/dev/null; then\n  \"${PODS_ROOT}/SwiftLint/swiftlint\"\nelse\n  echo \"warning: SwiftLint not installed, download from https://github.com/realm/SwiftLint\"\nfi\n";
		};
		7A97476AE438A5E2D7767E1F /* [CP] Check Pods Manifest.lock */ = {
			isa = PBXShellScriptBuildPhase;
			buildActionMask = 2147483647;
			files = (
			);
			inputFileListPaths = (
			);
			inputPaths = (
				"${PODS_PODFILE_DIR_PATH}/Podfile.lock",
				"${PODS_ROOT}/Manifest.lock",
			);
			name = "[CP] Check Pods Manifest.lock";
			outputFileListPaths = (
			);
			outputPaths = (
				"$(DERIVED_FILE_DIR)/Pods-githubSearchAPISample-githubSearchAPISampleUITests-checkManifestLockResult.txt",
			);
			runOnlyForDeploymentPostprocessing = 0;
			shellPath = /bin/sh;
			shellScript = "diff \"${PODS_PODFILE_DIR_PATH}/Podfile.lock\" \"${PODS_ROOT}/Manifest.lock\" > /dev/null\nif [ $? != 0 ] ; then\n    # print error to STDERR\n    echo \"error: The sandbox is not in sync with the Podfile.lock. Run 'pod install' or update your CocoaPods installation.\" >&2\n    exit 1\nfi\n# This output is used by Xcode 'outputs' to avoid re-running this script phase.\necho \"SUCCESS\" > \"${SCRIPT_OUTPUT_FILE_0}\"\n";
			showEnvVarsInLog = 0;
		};
		7CF751675519CF3DB4981F89 /* [CP] Embed Pods Frameworks */ = {
			isa = PBXShellScriptBuildPhase;
			buildActionMask = 2147483647;
			files = (
			);
			inputFileListPaths = (
				"${PODS_ROOT}/Target Support Files/Pods-githubSearchAPISample-githubSearchAPISampleUITests/Pods-githubSearchAPISample-githubSearchAPISampleUITests-frameworks-${CONFIGURATION}-input-files.xcfilelist",
			);
			name = "[CP] Embed Pods Frameworks";
			outputFileListPaths = (
				"${PODS_ROOT}/Target Support Files/Pods-githubSearchAPISample-githubSearchAPISampleUITests/Pods-githubSearchAPISample-githubSearchAPISampleUITests-frameworks-${CONFIGURATION}-output-files.xcfilelist",
			);
			runOnlyForDeploymentPostprocessing = 0;
			shellPath = /bin/sh;
			shellScript = "\"${PODS_ROOT}/Target Support Files/Pods-githubSearchAPISample-githubSearchAPISampleUITests/Pods-githubSearchAPISample-githubSearchAPISampleUITests-frameworks.sh\"\n";
			showEnvVarsInLog = 0;
		};
		F95CDB695B1CBCBBAFD23A51 /* [CP] Embed Pods Frameworks */ = {
			isa = PBXShellScriptBuildPhase;
			buildActionMask = 2147483647;
			files = (
			);
			inputFileListPaths = (
				"${PODS_ROOT}/Target Support Files/Pods-githubSearchAPISample/Pods-githubSearchAPISample-frameworks-${CONFIGURATION}-input-files.xcfilelist",
			);
			name = "[CP] Embed Pods Frameworks";
			outputFileListPaths = (
				"${PODS_ROOT}/Target Support Files/Pods-githubSearchAPISample/Pods-githubSearchAPISample-frameworks-${CONFIGURATION}-output-files.xcfilelist",
			);
			runOnlyForDeploymentPostprocessing = 0;
			shellPath = /bin/sh;
			shellScript = "\"${PODS_ROOT}/Target Support Files/Pods-githubSearchAPISample/Pods-githubSearchAPISample-frameworks.sh\"\n";
			showEnvVarsInLog = 0;
		};
/* End PBXShellScriptBuildPhase section */

/* Begin PBXSourcesBuildPhase section */
		501BFA132875AF8900B29269 /* Sources */ = {
			isa = PBXSourcesBuildPhase;
			buildActionMask = 2147483647;
			files = (
				501BFA802879D91500B29269 /* GithubAPIError.swift in Sources */,
				501BFA72287732AD00B29269 /* SearchUserVC.swift in Sources */,
				501BFA7E2878861C00B29269 /* GithubAPI.swift in Sources */,
				501BFA1D2875AF8900B29269 /* ContentView.swift in Sources */,
				501BFA74287732AD00B29269 /* SearchUserPresenter.swift in Sources */,
				501BFA77287732AD00B29269 /* SearchUserInteractor.swift in Sources */,
				501BFA7A2877348400B29269 /* GithubSearchUserEntity.swift in Sources */,
				501BFA1B2875AF8900B29269 /* githubSearchAPISampleApp.swift in Sources */,
				501BFA672877325F00B29269 /* SearchUserSource.swift in Sources */,
				501BFA71287732AD00B29269 /* SearchUserRouter.swift in Sources */,
				501BFA7C287884E500B29269 /* Const.swift in Sources */,
			);
			runOnlyForDeploymentPostprocessing = 0;
		};
		501BFA232875AF8B00B29269 /* Sources */ = {
			isa = PBXSourcesBuildPhase;
			buildActionMask = 2147483647;
			files = (
				501BFA2C2875AF8B00B29269 /* githubSearchAPISampleTests.swift in Sources */,
			);
			runOnlyForDeploymentPostprocessing = 0;
		};
		501BFA2D2875AF8B00B29269 /* Sources */ = {
			isa = PBXSourcesBuildPhase;
			buildActionMask = 2147483647;
			files = (
				501BFA382875AF8B00B29269 /* githubSearchAPISampleUITestsLaunchTests.swift in Sources */,
				501BFA362875AF8B00B29269 /* githubSearchAPISampleUITests.swift in Sources */,
			);
			runOnlyForDeploymentPostprocessing = 0;
		};
/* End PBXSourcesBuildPhase section */

/* Begin PBXTargetDependency section */
		501BFA292875AF8B00B29269 /* PBXTargetDependency */ = {
			isa = PBXTargetDependency;
			target = 501BFA162875AF8900B29269 /* githubSearchAPISample */;
			targetProxy = 501BFA282875AF8B00B29269 /* PBXContainerItemProxy */;
		};
		501BFA332875AF8B00B29269 /* PBXTargetDependency */ = {
			isa = PBXTargetDependency;
			target = 501BFA162875AF8900B29269 /* githubSearchAPISample */;
			targetProxy = 501BFA322875AF8B00B29269 /* PBXContainerItemProxy */;
		};
/* End PBXTargetDependency section */

/* Begin XCBuildConfiguration section */
		501BFA392875AF8B00B29269 /* Debug */ = {
			isa = XCBuildConfiguration;
			buildSettings = {
				ALWAYS_SEARCH_USER_PATHS = NO;
				CLANG_ANALYZER_NONNULL = YES;
				CLANG_ANALYZER_NUMBER_OBJECT_CONVERSION = YES_AGGRESSIVE;
				CLANG_CXX_LANGUAGE_STANDARD = "gnu++17";
				CLANG_ENABLE_MODULES = YES;
				CLANG_ENABLE_OBJC_ARC = YES;
				CLANG_ENABLE_OBJC_WEAK = YES;
				CLANG_WARN_BLOCK_CAPTURE_AUTORELEASING = YES;
				CLANG_WARN_BOOL_CONVERSION = YES;
				CLANG_WARN_COMMA = YES;
				CLANG_WARN_CONSTANT_CONVERSION = YES;
				CLANG_WARN_DEPRECATED_OBJC_IMPLEMENTATIONS = YES;
				CLANG_WARN_DIRECT_OBJC_ISA_USAGE = YES_ERROR;
				CLANG_WARN_DOCUMENTATION_COMMENTS = YES;
				CLANG_WARN_EMPTY_BODY = YES;
				CLANG_WARN_ENUM_CONVERSION = YES;
				CLANG_WARN_INFINITE_RECURSION = YES;
				CLANG_WARN_INT_CONVERSION = YES;
				CLANG_WARN_NON_LITERAL_NULL_CONVERSION = YES;
				CLANG_WARN_OBJC_IMPLICIT_RETAIN_SELF = YES;
				CLANG_WARN_OBJC_LITERAL_CONVERSION = YES;
				CLANG_WARN_OBJC_ROOT_CLASS = YES_ERROR;
				CLANG_WARN_QUOTED_INCLUDE_IN_FRAMEWORK_HEADER = YES;
				CLANG_WARN_RANGE_LOOP_ANALYSIS = YES;
				CLANG_WARN_STRICT_PROTOTYPES = YES;
				CLANG_WARN_SUSPICIOUS_MOVE = YES;
				CLANG_WARN_UNGUARDED_AVAILABILITY = YES_AGGRESSIVE;
				CLANG_WARN_UNREACHABLE_CODE = YES;
				CLANG_WARN__DUPLICATE_METHOD_MATCH = YES;
				COPY_PHASE_STRIP = NO;
				DEBUG_INFORMATION_FORMAT = dwarf;
				ENABLE_STRICT_OBJC_MSGSEND = YES;
				ENABLE_TESTABILITY = YES;
				GCC_C_LANGUAGE_STANDARD = gnu11;
				GCC_DYNAMIC_NO_PIC = NO;
				GCC_NO_COMMON_BLOCKS = YES;
				GCC_OPTIMIZATION_LEVEL = 0;
				GCC_PREPROCESSOR_DEFINITIONS = (
					"DEBUG=1",
					"$(inherited)",
				);
				GCC_WARN_64_TO_32_BIT_CONVERSION = YES;
				GCC_WARN_ABOUT_RETURN_TYPE = YES_ERROR;
				GCC_WARN_UNDECLARED_SELECTOR = YES;
				GCC_WARN_UNINITIALIZED_AUTOS = YES_AGGRESSIVE;
				GCC_WARN_UNUSED_FUNCTION = YES;
				GCC_WARN_UNUSED_VARIABLE = YES;
				IPHONEOS_DEPLOYMENT_TARGET = 15.5;
				MTL_ENABLE_DEBUG_INFO = INCLUDE_SOURCE;
				MTL_FAST_MATH = YES;
				ONLY_ACTIVE_ARCH = YES;
				SDKROOT = iphoneos;
				SWIFT_ACTIVE_COMPILATION_CONDITIONS = DEBUG;
				SWIFT_OPTIMIZATION_LEVEL = "-Onone";
			};
			name = Debug;
		};
		501BFA3A2875AF8B00B29269 /* Release */ = {
			isa = XCBuildConfiguration;
			buildSettings = {
				ALWAYS_SEARCH_USER_PATHS = NO;
				CLANG_ANALYZER_NONNULL = YES;
				CLANG_ANALYZER_NUMBER_OBJECT_CONVERSION = YES_AGGRESSIVE;
				CLANG_CXX_LANGUAGE_STANDARD = "gnu++17";
				CLANG_ENABLE_MODULES = YES;
				CLANG_ENABLE_OBJC_ARC = YES;
				CLANG_ENABLE_OBJC_WEAK = YES;
				CLANG_WARN_BLOCK_CAPTURE_AUTORELEASING = YES;
				CLANG_WARN_BOOL_CONVERSION = YES;
				CLANG_WARN_COMMA = YES;
				CLANG_WARN_CONSTANT_CONVERSION = YES;
				CLANG_WARN_DEPRECATED_OBJC_IMPLEMENTATIONS = YES;
				CLANG_WARN_DIRECT_OBJC_ISA_USAGE = YES_ERROR;
				CLANG_WARN_DOCUMENTATION_COMMENTS = YES;
				CLANG_WARN_EMPTY_BODY = YES;
				CLANG_WARN_ENUM_CONVERSION = YES;
				CLANG_WARN_INFINITE_RECURSION = YES;
				CLANG_WARN_INT_CONVERSION = YES;
				CLANG_WARN_NON_LITERAL_NULL_CONVERSION = YES;
				CLANG_WARN_OBJC_IMPLICIT_RETAIN_SELF = YES;
				CLANG_WARN_OBJC_LITERAL_CONVERSION = YES;
				CLANG_WARN_OBJC_ROOT_CLASS = YES_ERROR;
				CLANG_WARN_QUOTED_INCLUDE_IN_FRAMEWORK_HEADER = YES;
				CLANG_WARN_RANGE_LOOP_ANALYSIS = YES;
				CLANG_WARN_STRICT_PROTOTYPES = YES;
				CLANG_WARN_SUSPICIOUS_MOVE = YES;
				CLANG_WARN_UNGUARDED_AVAILABILITY = YES_AGGRESSIVE;
				CLANG_WARN_UNREACHABLE_CODE = YES;
				CLANG_WARN__DUPLICATE_METHOD_MATCH = YES;
				COPY_PHASE_STRIP = NO;
				DEBUG_INFORMATION_FORMAT = "dwarf-with-dsym";
				ENABLE_NS_ASSERTIONS = NO;
				ENABLE_STRICT_OBJC_MSGSEND = YES;
				GCC_C_LANGUAGE_STANDARD = gnu11;
				GCC_NO_COMMON_BLOCKS = YES;
				GCC_WARN_64_TO_32_BIT_CONVERSION = YES;
				GCC_WARN_ABOUT_RETURN_TYPE = YES_ERROR;
				GCC_WARN_UNDECLARED_SELECTOR = YES;
				GCC_WARN_UNINITIALIZED_AUTOS = YES_AGGRESSIVE;
				GCC_WARN_UNUSED_FUNCTION = YES;
				GCC_WARN_UNUSED_VARIABLE = YES;
				IPHONEOS_DEPLOYMENT_TARGET = 15.5;
				MTL_ENABLE_DEBUG_INFO = NO;
				MTL_FAST_MATH = YES;
				SDKROOT = iphoneos;
				SWIFT_COMPILATION_MODE = wholemodule;
				SWIFT_OPTIMIZATION_LEVEL = "-O";
				VALIDATE_PRODUCT = YES;
			};
			name = Release;
		};
		501BFA3C2875AF8B00B29269 /* Debug */ = {
			isa = XCBuildConfiguration;
			baseConfigurationReference = A1C614A4FD0FB07EDE0F462D /* Pods-githubSearchAPISample.debug.xcconfig */;
			buildSettings = {
				ASSETCATALOG_COMPILER_APPICON_NAME = AppIcon;
				ASSETCATALOG_COMPILER_GLOBAL_ACCENT_COLOR_NAME = AccentColor;
				CODE_SIGN_STYLE = Automatic;
				CURRENT_PROJECT_VERSION = 1;
				DEVELOPMENT_ASSET_PATHS = "\"githubSearchAPISample/Preview Content\"";
				DEVELOPMENT_TEAM = V85Y4GF6BG;
				ENABLE_PREVIEWS = YES;
				GENERATE_INFOPLIST_FILE = YES;
				INFOPLIST_FILE = githubSearchAPISample/Info.plist;
				INFOPLIST_KEY_UIApplicationSupportsIndirectInputEvents = YES;
				INFOPLIST_KEY_UILaunchScreen_Generation = YES;
				INFOPLIST_KEY_UISupportedInterfaceOrientations_iPad = "UIInterfaceOrientationPortrait UIInterfaceOrientationPortraitUpsideDown UIInterfaceOrientationLandscapeLeft UIInterfaceOrientationLandscapeRight";
				INFOPLIST_KEY_UISupportedInterfaceOrientations_iPhone = "UIInterfaceOrientationPortrait UIInterfaceOrientationLandscapeLeft UIInterfaceOrientationLandscapeRight";
				LD_RUNPATH_SEARCH_PATHS = (
					"$(inherited)",
					"@executable_path/Frameworks",
				);
				MARKETING_VERSION = 1.0;
				PRODUCT_BUNDLE_IDENTIFIER = "k-shuya.githubSearchAPISample";
				PRODUCT_NAME = "$(TARGET_NAME)";
				SWIFT_EMIT_LOC_STRINGS = YES;
				SWIFT_VERSION = 5.0;
				TARGETED_DEVICE_FAMILY = "1,2";
			};
			name = Debug;
		};
		501BFA3D2875AF8B00B29269 /* Release */ = {
			isa = XCBuildConfiguration;
			baseConfigurationReference = AD4E1B5B9079FBCC99541F57 /* Pods-githubSearchAPISample.release.xcconfig */;
			buildSettings = {
				ASSETCATALOG_COMPILER_APPICON_NAME = AppIcon;
				ASSETCATALOG_COMPILER_GLOBAL_ACCENT_COLOR_NAME = AccentColor;
				CODE_SIGN_STYLE = Automatic;
				CURRENT_PROJECT_VERSION = 1;
				DEVELOPMENT_ASSET_PATHS = "\"githubSearchAPISample/Preview Content\"";
				DEVELOPMENT_TEAM = V85Y4GF6BG;
				ENABLE_PREVIEWS = YES;
				GENERATE_INFOPLIST_FILE = YES;
				INFOPLIST_FILE = githubSearchAPISample/Info.plist;
				INFOPLIST_KEY_UIApplicationSupportsIndirectInputEvents = YES;
				INFOPLIST_KEY_UILaunchScreen_Generation = YES;
				INFOPLIST_KEY_UISupportedInterfaceOrientations_iPad = "UIInterfaceOrientationPortrait UIInterfaceOrientationPortraitUpsideDown UIInterfaceOrientationLandscapeLeft UIInterfaceOrientationLandscapeRight";
				INFOPLIST_KEY_UISupportedInterfaceOrientations_iPhone = "UIInterfaceOrientationPortrait UIInterfaceOrientationLandscapeLeft UIInterfaceOrientationLandscapeRight";
				LD_RUNPATH_SEARCH_PATHS = (
					"$(inherited)",
					"@executable_path/Frameworks",
				);
				MARKETING_VERSION = 1.0;
				PRODUCT_BUNDLE_IDENTIFIER = "k-shuya.githubSearchAPISample";
				PRODUCT_NAME = "$(TARGET_NAME)";
				SWIFT_EMIT_LOC_STRINGS = YES;
				SWIFT_VERSION = 5.0;
				TARGETED_DEVICE_FAMILY = "1,2";
			};
			name = Release;
		};
		501BFA3F2875AF8B00B29269 /* Debug */ = {
			isa = XCBuildConfiguration;
			baseConfigurationReference = DD66DB1E50C62EB58D4AF0D0 /* Pods-githubSearchAPISampleTests.debug.xcconfig */;
			buildSettings = {
				ALWAYS_EMBED_SWIFT_STANDARD_LIBRARIES = YES;
				BUNDLE_LOADER = "$(TEST_HOST)";
				CODE_SIGN_STYLE = Automatic;
				CURRENT_PROJECT_VERSION = 1;
				DEVELOPMENT_TEAM = V85Y4GF6BG;
				GENERATE_INFOPLIST_FILE = YES;
				IPHONEOS_DEPLOYMENT_TARGET = 15.5;
				MARKETING_VERSION = 1.0;
				PRODUCT_BUNDLE_IDENTIFIER = "k-shuya.githubSearchAPISampleTests";
				PRODUCT_NAME = "$(TARGET_NAME)";
				SWIFT_EMIT_LOC_STRINGS = NO;
				SWIFT_VERSION = 5.0;
				TARGETED_DEVICE_FAMILY = "1,2";
				TEST_HOST = "$(BUILT_PRODUCTS_DIR)/githubSearchAPISample.app/githubSearchAPISample";
			};
			name = Debug;
		};
		501BFA402875AF8B00B29269 /* Release */ = {
			isa = XCBuildConfiguration;
			baseConfigurationReference = 1A492C52AA6E6A29A8A5C294 /* Pods-githubSearchAPISampleTests.release.xcconfig */;
			buildSettings = {
				ALWAYS_EMBED_SWIFT_STANDARD_LIBRARIES = YES;
				BUNDLE_LOADER = "$(TEST_HOST)";
				CODE_SIGN_STYLE = Automatic;
				CURRENT_PROJECT_VERSION = 1;
				DEVELOPMENT_TEAM = V85Y4GF6BG;
				GENERATE_INFOPLIST_FILE = YES;
				IPHONEOS_DEPLOYMENT_TARGET = 15.5;
				MARKETING_VERSION = 1.0;
				PRODUCT_BUNDLE_IDENTIFIER = "k-shuya.githubSearchAPISampleTests";
				PRODUCT_NAME = "$(TARGET_NAME)";
				SWIFT_EMIT_LOC_STRINGS = NO;
				SWIFT_VERSION = 5.0;
				TARGETED_DEVICE_FAMILY = "1,2";
				TEST_HOST = "$(BUILT_PRODUCTS_DIR)/githubSearchAPISample.app/githubSearchAPISample";
			};
			name = Release;
		};
		501BFA422875AF8B00B29269 /* Debug */ = {
			isa = XCBuildConfiguration;
			baseConfigurationReference = 65C69330286AA219BC9DFAAD /* Pods-githubSearchAPISample-githubSearchAPISampleUITests.debug.xcconfig */;
			buildSettings = {
				ALWAYS_EMBED_SWIFT_STANDARD_LIBRARIES = YES;
				CODE_SIGN_STYLE = Automatic;
				CURRENT_PROJECT_VERSION = 1;
				DEVELOPMENT_TEAM = V85Y4GF6BG;
				GENERATE_INFOPLIST_FILE = YES;
				MARKETING_VERSION = 1.0;
				PRODUCT_BUNDLE_IDENTIFIER = "k-shuya.githubSearchAPISampleUITests";
				PRODUCT_NAME = "$(TARGET_NAME)";
				SWIFT_EMIT_LOC_STRINGS = NO;
				SWIFT_VERSION = 5.0;
				TARGETED_DEVICE_FAMILY = "1,2";
				TEST_TARGET_NAME = githubSearchAPISample;
			};
			name = Debug;
		};
		501BFA432875AF8B00B29269 /* Release */ = {
			isa = XCBuildConfiguration;
			baseConfigurationReference = B0A117D4E79C2340D3402A03 /* Pods-githubSearchAPISample-githubSearchAPISampleUITests.release.xcconfig */;
			buildSettings = {
				ALWAYS_EMBED_SWIFT_STANDARD_LIBRARIES = YES;
				CODE_SIGN_STYLE = Automatic;
				CURRENT_PROJECT_VERSION = 1;
				DEVELOPMENT_TEAM = V85Y4GF6BG;
				GENERATE_INFOPLIST_FILE = YES;
				MARKETING_VERSION = 1.0;
				PRODUCT_BUNDLE_IDENTIFIER = "k-shuya.githubSearchAPISampleUITests";
				PRODUCT_NAME = "$(TARGET_NAME)";
				SWIFT_EMIT_LOC_STRINGS = NO;
				SWIFT_VERSION = 5.0;
				TARGETED_DEVICE_FAMILY = "1,2";
				TEST_TARGET_NAME = githubSearchAPISample;
			};
			name = Release;
		};
/* End XCBuildConfiguration section */

/* Begin XCConfigurationList section */
		501BFA122875AF8900B29269 /* Build configuration list for PBXProject "githubSearchAPISample" */ = {
			isa = XCConfigurationList;
			buildConfigurations = (
				501BFA392875AF8B00B29269 /* Debug */,
				501BFA3A2875AF8B00B29269 /* Release */,
			);
			defaultConfigurationIsVisible = 0;
			defaultConfigurationName = Release;
		};
		501BFA3B2875AF8B00B29269 /* Build configuration list for PBXNativeTarget "githubSearchAPISample" */ = {
			isa = XCConfigurationList;
			buildConfigurations = (
				501BFA3C2875AF8B00B29269 /* Debug */,
				501BFA3D2875AF8B00B29269 /* Release */,
			);
			defaultConfigurationIsVisible = 0;
			defaultConfigurationName = Release;
		};
		501BFA3E2875AF8B00B29269 /* Build configuration list for PBXNativeTarget "githubSearchAPISampleTests" */ = {
			isa = XCConfigurationList;
			buildConfigurations = (
				501BFA3F2875AF8B00B29269 /* Debug */,
				501BFA402875AF8B00B29269 /* Release */,
			);
			defaultConfigurationIsVisible = 0;
			defaultConfigurationName = Release;
		};
		501BFA412875AF8B00B29269 /* Build configuration list for PBXNativeTarget "githubSearchAPISampleUITests" */ = {
			isa = XCConfigurationList;
			buildConfigurations = (
				501BFA422875AF8B00B29269 /* Debug */,
				501BFA432875AF8B00B29269 /* Release */,
			);
			defaultConfigurationIsVisible = 0;
			defaultConfigurationName = Release;
		};
/* End XCConfigurationList section */
	};
	rootObject = 501BFA0F2875AF8900B29269 /* Project object */;
}
